
Microsoft Visual Studio Solution File, Format Version 12.00
# Visual Studio Version 16
VisualStudioVersion = 16.0.31025.194
MinimumVisualStudioVersion = 10.0.40219.1
Project("{FAE04EC0-301F-11D3-BF4B-00C04F79EFBC}") = "RestaurantRater", "RestaurantRater\RestaurantRater.csproj", "{39B744A2-9058-4956-84BB-73A181B68D9E}"
EndProject
Global
	GlobalSection(SolutionConfigurationPlatforms) = preSolution
		Debug|Any CPU = Debug|Any CPU
		Release|Any CPU = Release|Any CPU
	EndGlobalSection
	GlobalSection(ProjectConfigurationPlatforms) = postSolution
		{39B744A2-9058-4956-84BB-73A181B68D9E}.Debug|Any CPU.ActiveCfg = Debug|Any CPU
		{39B744A2-9058-4956-84BB-73A181B68D9E}.Debug|Any CPU.Build.0 = Debug|Any CPU
		{39B744A2-9058-4956-84BB-73A181B68D9E}.Release|Any CPU.ActiveCfg = Release|Any CPU
		{39B744A2-9058-4956-84BB-73A181B68D9E}.Release|Any CPU.Build.0 = Release|Any CPU
	EndGlobalSection
	GlobalSection(SolutionProperties) = preSolution
		HideSolutionNode = FALSE
	EndGlobalSection
	GlobalSection(ExtensibilityGlobals) = postSolution
		SolutionGuid = {8ECBE8C3-4CDE-47C2-81B5-980C6F96A22B}
	EndGlobalSection
EndGlobal
